
Microsoft Visual Studio Solution File, Format Version 12.00
# Visual Studio Version 17
VisualStudioVersion = 17.9.34902.65
MinimumVisualStudioVersion = 10.0.40219.1
Project("{FAE04EC0-301F-11D3-BF4B-00C04F79EFBC}") = "BloodBankSystem.API", "BloodBankSystem.API\BloodBankSystem.API.csproj", "{808AB84D-A7BA-425B-A597-EC404D07193C}"
EndProject
Global
	GlobalSection(SolutionConfigurationPlatforms) = preSolution
		Debug|Any CPU = Debug|Any CPU
		Release|Any CPU = Release|Any CPU
	EndGlobalSection
	GlobalSection(ProjectConfigurationPlatforms) = postSolution
		{808AB84D-A7BA-425B-A597-EC404D07193C}.Debug|Any CPU.ActiveCfg = Debug|Any CPU
		{808AB84D-A7BA-425B-A597-EC404D07193C}.Debug|Any CPU.Build.0 = Debug|Any CPU
		{808AB84D-A7BA-425B-A597-EC404D07193C}.Release|Any CPU.ActiveCfg = Release|Any CPU
		{808AB84D-A7BA-425B-A597-EC404D07193C}.Release|Any CPU.Build.0 = Release|Any CPU
	EndGlobalSection
	GlobalSection(SolutionProperties) = preSolution
		HideSolutionNode = FALSE
	EndGlobalSection
	GlobalSection(ExtensibilityGlobals) = postSolution
		SolutionGuid = {AF465CD1-2D5B-4DAA-B343-7929206CF216}
	EndGlobalSection
EndGlobal
